
Microsoft Visual Studio Solution File, Format Version 12.00
# Visual Studio Version 16
VisualStudioVersion = 16.0.30717.126
MinimumVisualStudioVersion = 10.0.40219.1
Project("{FAE04EC0-301F-11D3-BF4B-00C04F79EFBC}") = "EQ5EDML", "EQ5EDML\EQ5EDML.csproj", "{F4F2ECB2-AEB8-4A9D-8C63-85C6DB8830FA}"
EndProject
Global
	GlobalSection(SolutionConfigurationPlatforms) = preSolution
		Debug|Any CPU = Debug|Any CPU
		Release|Any CPU = Release|Any CPU
	EndGlobalSection
	GlobalSection(ProjectConfigurationPlatforms) = postSolution
		{F4F2ECB2-AEB8-4A9D-8C63-85C6DB8830FA}.Debug|Any CPU.ActiveCfg = Debug|Any CPU
		{F4F2ECB2-AEB8-4A9D-8C63-85C6DB8830FA}.Debug|Any CPU.Build.0 = Debug|Any CPU
		{F4F2ECB2-AEB8-4A9D-8C63-85C6DB8830FA}.Release|Any CPU.ActiveCfg = Release|Any CPU
		{F4F2ECB2-AEB8-4A9D-8C63-85C6DB8830FA}.Release|Any CPU.Build.0 = Release|Any CPU
	EndGlobalSection
	GlobalSection(SolutionProperties) = preSolution
		HideSolutionNode = FALSE
	EndGlobalSection
	GlobalSection(ExtensibilityGlobals) = postSolution
		SolutionGuid = {206BDB11-6305-448F-9D42-7B4C801EA32E}
	EndGlobalSection
EndGlobal
